{
  "object": {
    "pins": [
      {
        "package": "CodableCSV",
        "repositoryURL": "https://github.com/dehesa/CodableCSV.git",
        "state": {
          "branch": null,
          "revision": "82ee81e7cdb0700f1d6574dbec314872dce5003e",
          "version": "0.6.6"
        }
      },
      {
        "package": "DateBuilder",
        "repositoryURL": "https://github.com/nicephoton/DateBuilder",
        "state": {
          "branch": null,
          "revision": "69e57ecbfcea2ae863e8dd74ead60399321407f5",
          "version": "0.0.5"
        }
      },
      {
        "package": "NiceNotifications",
        "repositoryURL": "https://github.com/nicephoton/NiceNotifications.git",
        "state": {
          "branch": null,
          "revision": "caabc57c2e5c110a3a76fa73ca1bb0e4a9961a9b",
          "version": "0.0.2-alpha"
        }
      },
      {
        "package": "SFSafeSymbols",
        "repositoryURL": "https://github.com/piknotech/SFSafeSymbols.git",
        "state": {
          "branch": null,
          "revision": "c61de7a6e9eb1520d32316b06d5932accd974e70",
          "version": "2.1.3"
        }
      }
    ]
  },
  "version": 1
}
