// !$*UTF8*$!
{
	archiveVersion = 1;
	classes = {
	};
	objectVersion = 52;
	objects = {

/* Begin PBXBuildFile section */
		D6AC752826446717008DD701 /* OnboardingView.swift in Sources */ = {isa = PBXBuildFile; fileRef = D6AC752726446717008DD701 /* OnboardingView.swift */; };
		E10BEEC92641FE0B00317E38 /* AppDelegate.swift in Sources */ = {isa = PBXBuildFile; fileRef = E10BEEC82641FE0B00317E38 /* AppDelegate.swift */; };
		E10BEECB2641FE0B00317E38 /* SceneDelegate.swift in Sources */ = {isa = PBXBuildFile; fileRef = E10BEECA2641FE0B00317E38 /* SceneDelegate.swift */; };
		E10BEECD2641FE0B00317E38 /* ContentView.swift in Sources */ = {isa = PBXBuildFile; fileRef = E10BEECC2641FE0B00317E38 /* ContentView.swift */; };
		E10BEECF2641FE0C00317E38 /* Assets.xcassets in Resources */ = {isa = PBXBuildFile; fileRef = E10BEECE2641FE0C00317E38 /* Assets.xcassets */; };
		E10BEED22641FE0C00317E38 /* Preview Assets.xcassets in Resources */ = {isa = PBXBuildFile; fileRef = E10BEED12641FE0C00317E38 /* Preview Assets.xcassets */; };
		E10BEED52641FE0C00317E38 /* LaunchScreen.storyboard in Resources */ = {isa = PBXBuildFile; fileRef = E10BEED32641FE0C00317E38 /* LaunchScreen.storyboard */; };
		E10BEEDD2641FE9600317E38 /* Data.swift in Sources */ = {isa = PBXBuildFile; fileRef = E10BEEDC2641FE9600317E38 /* Data.swift */; };
		E10BEEDF2641FEB900317E38 /* Extensions.swift in Sources */ = {isa = PBXBuildFile; fileRef = E10BEEDE2641FEB900317E38 /* Extensions.swift */; };
		E10BEEE12641FEC200317E38 /* HomeView.swift in Sources */ = {isa = PBXBuildFile; fileRef = E10BEEE02641FEC200317E38 /* HomeView.swift */; };
		E10BEEE32641FF1B00317E38 /* ShareView.swift in Sources */ = {isa = PBXBuildFile; fileRef = E10BEEE22641FF1B00317E38 /* ShareView.swift */; };
		E10BEEE62641FF3800317E38 /* SettingsView.swift in Sources */ = {isa = PBXBuildFile; fileRef = E10BEEE52641FF3800317E38 /* SettingsView.swift */; };
		E10BEEFB264200C000317E38 /* Poppins-ExtraLight.ttf in Resources */ = {isa = PBXBuildFile; fileRef = E10BEEE8264200C000317E38 /* Poppins-ExtraLight.ttf */; };
		E10BEEFC264200C000317E38 /* Poppins-ThinItalic.ttf in Resources */ = {isa = PBXBuildFile; fileRef = E10BEEE9264200C000317E38 /* Poppins-ThinItalic.ttf */; };
		E10BEEFD264200C000317E38 /* Poppins-ExtraLightItalic.ttf in Resources */ = {isa = PBXBuildFile; fileRef = E10BEEEA264200C000317E38 /* Poppins-ExtraLightItalic.ttf */; };
		E10BEEFE264200C000317E38 /* Poppins-BoldItalic.ttf in Resources */ = {isa = PBXBuildFile; fileRef = E10BEEEB264200C000317E38 /* Poppins-BoldItalic.ttf */; };
		E10BEEFF264200C000317E38 /* Poppins-Light.ttf in Resources */ = {isa = PBXBuildFile; fileRef = E10BEEEC264200C000317E38 /* Poppins-Light.ttf */; };
		E10BEF00264200C000317E38 /* Poppins-Medium.ttf in Resources */ = {isa = PBXBuildFile; fileRef = E10BEEED264200C000317E38 /* Poppins-Medium.ttf */; };
		E10BEF01264200C000317E38 /* Poppins-SemiBoldItalic.ttf in Resources */ = {isa = PBXBuildFile; fileRef = E10BEEEE264200C000317E38 /* Poppins-SemiBoldItalic.ttf */; };
		E10BEF02264200C000317E38 /* Poppins-ExtraBoldItalic.ttf in Resources */ = {isa = PBXBuildFile; fileRef = E10BEEEF264200C000317E38 /* Poppins-ExtraBoldItalic.ttf */; };
		E10BEF03264200C000317E38 /* Poppins-ExtraBold.ttf in Resources */ = {isa = PBXBuildFile; fileRef = E10BEEF0264200C000317E38 /* Poppins-ExtraBold.ttf */; };
		E10BEF04264200C000317E38 /* Poppins-BlackItalic.ttf in Resources */ = {isa = PBXBuildFile; fileRef = E10BEEF1264200C000317E38 /* Poppins-BlackItalic.ttf */; };
		E10BEF05264200C000317E38 /* OFL.txt in Resources */ = {isa = PBXBuildFile; fileRef = E10BEEF2264200C000317E38 /* OFL.txt */; };
		E10BEF06264200C000317E38 /* Poppins-Regular.ttf in Resources */ = {isa = PBXBuildFile; fileRef = E10BEEF3264200C000317E38 /* Poppins-Regular.ttf */; };
		E10BEF07264200C000317E38 /* Poppins-LightItalic.ttf in Resources */ = {isa = PBXBuildFile; fileRef = E10BEEF4264200C000317E38 /* Poppins-LightItalic.ttf */; };
		E10BEF08264200C000317E38 /* Poppins-Bold.ttf in Resources */ = {isa = PBXBuildFile; fileRef = E10BEEF5264200C000317E38 /* Poppins-Bold.ttf */; };
		E10BEF09264200C000317E38 /* Poppins-Black.ttf in Resources */ = {isa = PBXBuildFile; fileRef = E10BEEF6264200C000317E38 /* Poppins-Black.ttf */; };
		E10BEF0A264200C000317E38 /* Poppins-Thin.ttf in Resources */ = {isa = PBXBuildFile; fileRef = E10BEEF7264200C000317E38 /* Poppins-Thin.ttf */; };
		E10BEF0B264200C000317E38 /* Poppins-SemiBold.ttf in Resources */ = {isa = PBXBuildFile; fileRef = E10BEEF8264200C000317E38 /* Poppins-SemiBold.ttf */; };
		E10BEF0C264200C000317E38 /* Poppins-Italic.ttf in Resources */ = {isa = PBXBuildFile; fileRef = E10BEEF9264200C000317E38 /* Poppins-Italic.ttf */; };
		E10BEF0D264200C000317E38 /* Poppins-MediumItalic.ttf in Resources */ = {isa = PBXBuildFile; fileRef = E10BEEFA264200C000317E38 /* Poppins-MediumItalic.ttf */; };
		E10BEF0F2642014300317E38 /* CardView.swift in Sources */ = {isa = PBXBuildFile; fileRef = E10BEF0E2642014300317E38 /* CardView.swift */; };
		E10BEF112642017B00317E38 /* ButtonGridView.swift in Sources */ = {isa = PBXBuildFile; fileRef = E10BEF102642017B00317E38 /* ButtonGridView.swift */; };
		E10BEF132642018500317E38 /* ButtonGridButton.swift in Sources */ = {isa = PBXBuildFile; fileRef = E10BEF122642018500317E38 /* ButtonGridButton.swift */; };
		E10BEF15264202C000317E38 /* DataView.swift in Sources */ = {isa = PBXBuildFile; fileRef = E10BEF14264202C000317E38 /* DataView.swift */; };
		E10BEF1A264205B800317E38 /* ChartView.swift in Sources */ = {isa = PBXBuildFile; fileRef = E10BEF19264205B800317E38 /* ChartView.swift */; };
		E10BEF1C264207BF00317E38 /* reg_model.mlmodel in Sources */ = {isa = PBXBuildFile; fileRef = E10BEF1B264207BF00317E38 /* reg_model.mlmodel */; };
		E10BEF22264208B800317E38 /* HealthKit.framework in Frameworks */ = {isa = PBXBuildFile; fileRef = E10BEF21264208B800317E38 /* HealthKit.framework */; };
		E10BEF3826420B6200317E38 /* BarChartView.swift in Sources */ = {isa = PBXBuildFile; fileRef = E10BEF2526420B6200317E38 /* BarChartView.swift */; };
		E10BEF3926420B6200317E38 /* BarChartRow.swift in Sources */ = {isa = PBXBuildFile; fileRef = E10BEF2626420B6200317E38 /* BarChartRow.swift */; };
		E10BEF3A26420B6200317E38 /* LabelView.swift in Sources */ = {isa = PBXBuildFile; fileRef = E10BEF2726420B6200317E38 /* LabelView.swift */; };
		E10BEF3B26420B6200317E38 /* BarChartCell.swift in Sources */ = {isa = PBXBuildFile; fileRef = E10BEF2826420B6200317E38 /* BarChartCell.swift */; };
		E10BEF3C26420B6200317E38 /* Helpers.swift in Sources */ = {isa = PBXBuildFile; fileRef = E10BEF2926420B6200317E38 /* Helpers.swift */; };
		E10BEF3D26420B6200317E38 /* PieChartRow.swift in Sources */ = {isa = PBXBuildFile; fileRef = E10BEF2B26420B6200317E38 /* PieChartRow.swift */; };
		E10BEF3E26420B6200317E38 /* PieChartHelpers.swift in Sources */ = {isa = PBXBuildFile; fileRef = E10BEF2C26420B6200317E38 /* PieChartHelpers.swift */; };
		E10BEF3F26420B6200317E38 /* PieChartCell.swift in Sources */ = {isa = PBXBuildFile; fileRef = E10BEF2D26420B6200317E38 /* PieChartCell.swift */; };
		E10BEF4026420B6200317E38 /* PieChartView.swift in Sources */ = {isa = PBXBuildFile; fileRef = E10BEF2E26420B6200317E38 /* PieChartView.swift */; };
		E10BEF4126420B6200317E38 /* IndicatorPoint.swift in Sources */ = {isa = PBXBuildFile; fileRef = E10BEF3026420B6200317E38 /* IndicatorPoint.swift */; };
		E10BEF4226420B6200317E38 /* LineView.swift in Sources */ = {isa = PBXBuildFile; fileRef = E10BEF3126420B6200317E38 /* LineView.swift */; };
		E10BEF4326420B6200317E38 /* Legend.swift in Sources */ = {isa = PBXBuildFile; fileRef = E10BEF3226420B6200317E38 /* Legend.swift */; };
		E10BEF4426420B6200317E38 /* LineChartView.swift in Sources */ = {isa = PBXBuildFile; fileRef = E10BEF3326420B6200317E38 /* LineChartView.swift */; };
		E10BEF4526420B6200317E38 /* MagnifierRect.swift in Sources */ = {isa = PBXBuildFile; fileRef = E10BEF3426420B6200317E38 /* MagnifierRect.swift */; };
		E10BEF4626420B6200317E38 /* Path+QuadCurve.swift in Sources */ = {isa = PBXBuildFile; fileRef = E10BEF3526420B6200317E38 /* Path+QuadCurve.swift */; };
		E10BEF4726420B6200317E38 /* MultiLineChartView.swift in Sources */ = {isa = PBXBuildFile; fileRef = E10BEF3626420B6200317E38 /* MultiLineChartView.swift */; };
		E10BEF4826420B6200317E38 /* Line.swift in Sources */ = {isa = PBXBuildFile; fileRef = E10BEF3726420B6200317E38 /* Line.swift */; };
		E10BEF4C2642CE8F00317E38 /* Social.swift in Sources */ = {isa = PBXBuildFile; fileRef = E10BEF4B2642CE8F00317E38 /* Social.swift */; };
		E10BEF502642DF6700317E38 /* ExperimentView.swift in Sources */ = {isa = PBXBuildFile; fileRef = E10BEF4F2642DF6700317E38 /* ExperimentView.swift */; };
		E10BEF522642DF7500317E38 /* ExperimentCard.swift in Sources */ = {isa = PBXBuildFile; fileRef = E10BEF512642DF7500317E38 /* ExperimentCard.swift */; };
		E10BEF542642DF8500317E38 /* ExperimentFeedView.swift in Sources */ = {isa = PBXBuildFile; fileRef = E10BEF532642DF8500317E38 /* ExperimentFeedView.swift */; };
		E13A18A826436DA700FC66B0 /* WidgetKit.framework in Frameworks */ = {isa = PBXBuildFile; fileRef = E1AD1EF326431E1A0086BC84 /* WidgetKit.framework */; };
		E13A18A926436DA700FC66B0 /* SwiftUI.framework in Frameworks */ = {isa = PBXBuildFile; fileRef = E1AD1EF526431E1A0086BC84 /* SwiftUI.framework */; };
		E13A18AC26436DA700FC66B0 /* ParkinsonsWidgetv2.swift in Sources */ = {isa = PBXBuildFile; fileRef = E13A18AB26436DA700FC66B0 /* ParkinsonsWidgetv2.swift */; };
		E13A18AF26436DA800FC66B0 /* Assets.xcassets in Resources */ = {isa = PBXBuildFile; fileRef = E13A18AE26436DA800FC66B0 /* Assets.xcassets */; };
		E13A18B126436DA800FC66B0 /* ParkinsonsWidgetv2.intentdefinition in Sources */ = {isa = PBXBuildFile; fileRef = E13A18AD26436DA700FC66B0 /* ParkinsonsWidgetv2.intentdefinition */; };
		E13A18B226436DA800FC66B0 /* ParkinsonsWidgetv2.intentdefinition in Sources */ = {isa = PBXBuildFile; fileRef = E13A18AD26436DA700FC66B0 /* ParkinsonsWidgetv2.intentdefinition */; };
		E13A18B526436DA800FC66B0 /* ParkinsonsWidgetv2Extension.appex in Embed App Extensions */ = {isa = PBXBuildFile; fileRef = E13A18A726436DA700FC66B0 /* ParkinsonsWidgetv2Extension.appex */; settings = {ATTRIBUTES = (RemoveHeadersOnCopy, ); }; };
		E13A18BA26436E1900FC66B0 /* Poppins-Black.ttf in Resources */ = {isa = PBXBuildFile; fileRef = E10BEEF6264200C000317E38 /* Poppins-Black.ttf */; };
		E13A18BB26436E1900FC66B0 /* Poppins-LightItalic.ttf in Resources */ = {isa = PBXBuildFile; fileRef = E10BEEF4264200C000317E38 /* Poppins-LightItalic.ttf */; };
		E13A18BC26436E1900FC66B0 /* Poppins-Medium.ttf in Resources */ = {isa = PBXBuildFile; fileRef = E10BEEED264200C000317E38 /* Poppins-Medium.ttf */; };
		E13A18BD26436E1900FC66B0 /* OFL.txt in Resources */ = {isa = PBXBuildFile; fileRef = E10BEEF2264200C000317E38 /* OFL.txt */; };
		E13A18BE26436E1900FC66B0 /* Poppins-Regular.ttf in Resources */ = {isa = PBXBuildFile; fileRef = E10BEEF3264200C000317E38 /* Poppins-Regular.ttf */; };
		E13A18BF26436E1900FC66B0 /* Poppins-BoldItalic.ttf in Resources */ = {isa = PBXBuildFile; fileRef = E10BEEEB264200C000317E38 /* Poppins-BoldItalic.ttf */; };
		E13A18C026436E1900FC66B0 /* Poppins-ExtraBold.ttf in Resources */ = {isa = PBXBuildFile; fileRef = E10BEEF0264200C000317E38 /* Poppins-ExtraBold.ttf */; };
		E13A18C126436E1900FC66B0 /* Poppins-BlackItalic.ttf in Resources */ = {isa = PBXBuildFile; fileRef = E10BEEF1264200C000317E38 /* Poppins-BlackItalic.ttf */; };
		E13A18C226436E1900FC66B0 /* Poppins-SemiBold.ttf in Resources */ = {isa = PBXBuildFile; fileRef = E10BEEF8264200C000317E38 /* Poppins-SemiBold.ttf */; };
		E13A18C326436E1900FC66B0 /* Poppins-ExtraLight.ttf in Resources */ = {isa = PBXBuildFile; fileRef = E10BEEE8264200C000317E38 /* Poppins-ExtraLight.ttf */; };
		E13A18C426436E1900FC66B0 /* Poppins-Bold.ttf in Resources */ = {isa = PBXBuildFile; fileRef = E10BEEF5264200C000317E38 /* Poppins-Bold.ttf */; };
		E13A18C526436E1900FC66B0 /* Poppins-MediumItalic.ttf in Resources */ = {isa = PBXBuildFile; fileRef = E10BEEFA264200C000317E38 /* Poppins-MediumItalic.ttf */; };
		E13A18C626436E1900FC66B0 /* Poppins-Thin.ttf in Resources */ = {isa = PBXBuildFile; fileRef = E10BEEF7264200C000317E38 /* Poppins-Thin.ttf */; };
		E13A18C726436E1900FC66B0 /* Poppins-ThinItalic.ttf in Resources */ = {isa = PBXBuildFile; fileRef = E10BEEE9264200C000317E38 /* Poppins-ThinItalic.ttf */; };
		E13A18C826436E1900FC66B0 /* Poppins-ExtraLightItalic.ttf in Resources */ = {isa = PBXBuildFile; fileRef = E10BEEEA264200C000317E38 /* Poppins-ExtraLightItalic.ttf */; };
		E13A18C926436E1900FC66B0 /* Poppins-Light.ttf in Resources */ = {isa = PBXBuildFile; fileRef = E10BEEEC264200C000317E38 /* Poppins-Light.ttf */; };
		E13A18CA26436E1900FC66B0 /* Poppins-ExtraBoldItalic.ttf in Resources */ = {isa = PBXBuildFile; fileRef = E10BEEEF264200C000317E38 /* Poppins-ExtraBoldItalic.ttf */; };
		E13A18CB26436E1900FC66B0 /* Poppins-Italic.ttf in Resources */ = {isa = PBXBuildFile; fileRef = E10BEEF9264200C000317E38 /* Poppins-Italic.ttf */; };
		E13A18CC26436E1900FC66B0 /* Poppins-SemiBoldItalic.ttf in Resources */ = {isa = PBXBuildFile; fileRef = E10BEEEE264200C000317E38 /* Poppins-SemiBoldItalic.ttf */; };
		E13A18CF2643868D00FC66B0 /* NiceNotifications in Frameworks */ = {isa = PBXBuildFile; productRef = E13A18CE2643868D00FC66B0 /* NiceNotifications */; };
		E184963526442D7600A69834 /* SettingsRow.swift in Sources */ = {isa = PBXBuildFile; fileRef = E184963426442D7600A69834 /* SettingsRow.swift */; };
		E18496372644355C00A69834 /* SettingsDetailsView.swift in Sources */ = {isa = PBXBuildFile; fileRef = E18496362644355C00A69834 /* SettingsDetailsView.swift */; };
		E184963A2644375200A69834 /* GridButtonStyle.swift in Sources */ = {isa = PBXBuildFile; fileRef = E18496392644375200A69834 /* GridButtonStyle.swift */; };
		E184963D2644393B00A69834 /* CTAButtonStyle.swift in Sources */ = {isa = PBXBuildFile; fileRef = E184963C2644393B00A69834 /* CTAButtonStyle.swift */; };
		E1AD1EE42642E3810086BC84 /* PostView.swift in Sources */ = {isa = PBXBuildFile; fileRef = E1AD1EE32642E3810086BC84 /* PostView.swift */; };
		E1AD1EE62642EE8E0086BC84 /* CreateExperimentView.swift in Sources */ = {isa = PBXBuildFile; fileRef = E1AD1EE52642EE8E0086BC84 /* CreateExperimentView.swift */; };
		E1AD1EE926430BAD0086BC84 /* FirebaseFirestore in Frameworks */ = {isa = PBXBuildFile; productRef = E1AD1EE826430BAD0086BC84 /* FirebaseFirestore */; };
		E1AD1EEB26430BAD0086BC84 /* FirebaseFirestoreSwift-Beta in Frameworks */ = {isa = PBXBuildFile; productRef = E1AD1EEA26430BAD0086BC84 /* FirebaseFirestoreSwift-Beta */; };
		E1AD1EED26430C1D0086BC84 /* GoogleService-Info.plist in Resources */ = {isa = PBXBuildFile; fileRef = E1AD1EEC26430C1D0086BC84 /* GoogleService-Info.plist */; };
		E1AD1F0826434A620086BC84 /* AddPostView.swift in Sources */ = {isa = PBXBuildFile; fileRef = E1AD1F0726434A620086BC84 /* AddPostView.swift */; };
		E1AD1F0F264367650086BC84 /* ClassSelectionView.swift in Sources */ = {isa = PBXBuildFile; fileRef = E1AD1F0B264367650086BC84 /* ClassSelectionView.swift */; };
		E1AD1F10264367650086BC84 /* FontSelectionView.swift in Sources */ = {isa = PBXBuildFile; fileRef = E1AD1F0C264367650086BC84 /* FontSelectionView.swift */; };
		E1AD1F11264367650086BC84 /* WidgetPreview.swift in Sources */ = {isa = PBXBuildFile; fileRef = E1AD1F0D264367650086BC84 /* WidgetPreview.swift */; };
		E1AD1F12264367650086BC84 /* ConfigureWidgetView.swift in Sources */ = {isa = PBXBuildFile; fileRef = E1AD1F0E264367650086BC84 /* ConfigureWidgetView.swift */; };
/* End PBXBuildFile section */

/* Begin PBXContainerItemProxy section */
		E13A18B326436DA800FC66B0 /* PBXContainerItemProxy */ = {
			isa = PBXContainerItemProxy;
			containerPortal = E10BEEBD2641FE0B00317E38 /* Project object */;
			proxyType = 1;
			remoteGlobalIDString = E13A18A626436DA700FC66B0;
			remoteInfo = ParkinsonsWidgetv2Extension;
		};
/* End PBXContainerItemProxy section */

/* Begin PBXCopyFilesBuildPhase section */
		E1AD1F0626431E1C0086BC84 /* Embed App Extensions */ = {
			isa = PBXCopyFilesBuildPhase;
			buildActionMask = 2147483647;
			dstPath = "";
			dstSubfolderSpec = 13;
			files = (
				E13A18B526436DA800FC66B0 /* ParkinsonsWidgetv2Extension.appex in Embed App Extensions */,
			);
			name = "Embed App Extensions";
			runOnlyForDeploymentPostprocessing = 0;
		};
/* End PBXCopyFilesBuildPhase section */

/* Begin PBXFileReference section */
		D6AC752726446717008DD701 /* OnboardingView.swift */ = {isa = PBXFileReference; lastKnownFileType = sourcecode.swift; path = OnboardingView.swift; sourceTree = "<group>"; };
		E10BEEC52641FE0B00317E38 /* ParkinsonsApp.app */ = {isa = PBXFileReference; explicitFileType = wrapper.application; includeInIndex = 0; path = ParkinsonsApp.app; sourceTree = BUILT_PRODUCTS_DIR; };
		E10BEEC82641FE0B00317E38 /* AppDelegate.swift */ = {isa = PBXFileReference; lastKnownFileType = sourcecode.swift; path = AppDelegate.swift; sourceTree = "<group>"; };
		E10BEECA2641FE0B00317E38 /* SceneDelegate.swift */ = {isa = PBXFileReference; lastKnownFileType = sourcecode.swift; path = SceneDelegate.swift; sourceTree = "<group>"; };
		E10BEECC2641FE0B00317E38 /* ContentView.swift */ = {isa = PBXFileReference; lastKnownFileType = sourcecode.swift; path = ContentView.swift; sourceTree = "<group>"; };
		E10BEECE2641FE0C00317E38 /* Assets.xcassets */ = {isa = PBXFileReference; lastKnownFileType = folder.assetcatalog; path = Assets.xcassets; sourceTree = "<group>"; };
		E10BEED12641FE0C00317E38 /* Preview Assets.xcassets */ = {isa = PBXFileReference; lastKnownFileType = folder.assetcatalog; path = "Preview Assets.xcassets"; sourceTree = "<group>"; };
		E10BEED42641FE0C00317E38 /* Base */ = {isa = PBXFileReference; lastKnownFileType = file.storyboard; name = Base; path = Base.lproj/LaunchScreen.storyboard; sourceTree = "<group>"; };
		E10BEED62641FE0C00317E38 /* Info.plist */ = {isa = PBXFileReference; lastKnownFileType = text.plist.xml; path = Info.plist; sourceTree = "<group>"; };
		E10BEEDC2641FE9600317E38 /* Data.swift */ = {isa = PBXFileReference; lastKnownFileType = sourcecode.swift; path = Data.swift; sourceTree = "<group>"; };
		E10BEEDE2641FEB900317E38 /* Extensions.swift */ = {isa = PBXFileReference; lastKnownFileType = sourcecode.swift; path = Extensions.swift; sourceTree = "<group>"; };
		E10BEEE02641FEC200317E38 /* HomeView.swift */ = {isa = PBXFileReference; lastKnownFileType = sourcecode.swift; path = HomeView.swift; sourceTree = "<group>"; };
		E10BEEE22641FF1B00317E38 /* ShareView.swift */ = {isa = PBXFileReference; lastKnownFileType = sourcecode.swift; path = ShareView.swift; sourceTree = "<group>"; };
		E10BEEE52641FF3800317E38 /* SettingsView.swift */ = {isa = PBXFileReference; lastKnownFileType = sourcecode.swift; path = SettingsView.swift; sourceTree = "<group>"; };
		E10BEEE8264200C000317E38 /* Poppins-ExtraLight.ttf */ = {isa = PBXFileReference; lastKnownFileType = file; path = "Poppins-ExtraLight.ttf"; sourceTree = "<group>"; };
		E10BEEE9264200C000317E38 /* Poppins-ThinItalic.ttf */ = {isa = PBXFileReference; lastKnownFileType = file; path = "Poppins-ThinItalic.ttf"; sourceTree = "<group>"; };
		E10BEEEA264200C000317E38 /* Poppins-ExtraLightItalic.ttf */ = {isa = PBXFileReference; lastKnownFileType = file; path = "Poppins-ExtraLightItalic.ttf"; sourceTree = "<group>"; };
		E10BEEEB264200C000317E38 /* Poppins-BoldItalic.ttf */ = {isa = PBXFileReference; lastKnownFileType = file; path = "Poppins-BoldItalic.ttf"; sourceTree = "<group>"; };
		E10BEEEC264200C000317E38 /* Poppins-Light.ttf */ = {isa = PBXFileReference; lastKnownFileType = file; path = "Poppins-Light.ttf"; sourceTree = "<group>"; };
		E10BEEED264200C000317E38 /* Poppins-Medium.ttf */ = {isa = PBXFileReference; lastKnownFileType = file; path = "Poppins-Medium.ttf"; sourceTree = "<group>"; };
		E10BEEEE264200C000317E38 /* Poppins-SemiBoldItalic.ttf */ = {isa = PBXFileReference; lastKnownFileType = file; path = "Poppins-SemiBoldItalic.ttf"; sourceTree = "<group>"; };
		E10BEEEF264200C000317E38 /* Poppins-ExtraBoldItalic.ttf */ = {isa = PBXFileReference; lastKnownFileType = file; path = "Poppins-ExtraBoldItalic.ttf"; sourceTree = "<group>"; };
		E10BEEF0264200C000317E38 /* Poppins-ExtraBold.ttf */ = {isa = PBXFileReference; lastKnownFileType = file; path = "Poppins-ExtraBold.ttf"; sourceTree = "<group>"; };
		E10BEEF1264200C000317E38 /* Poppins-BlackItalic.ttf */ = {isa = PBXFileReference; lastKnownFileType = file; path = "Poppins-BlackItalic.ttf"; sourceTree = "<group>"; };
		E10BEEF2264200C000317E38 /* OFL.txt */ = {isa = PBXFileReference; fileEncoding = 4; lastKnownFileType = text; path = OFL.txt; sourceTree = "<group>"; };
		E10BEEF3264200C000317E38 /* Poppins-Regular.ttf */ = {isa = PBXFileReference; lastKnownFileType = file; path = "Poppins-Regular.ttf"; sourceTree = "<group>"; };
		E10BEEF4264200C000317E38 /* Poppins-LightItalic.ttf */ = {isa = PBXFileReference; lastKnownFileType = file; path = "Poppins-LightItalic.ttf"; sourceTree = "<group>"; };
		E10BEEF5264200C000317E38 /* Poppins-Bold.ttf */ = {isa = PBXFileReference; lastKnownFileType = file; path = "Poppins-Bold.ttf"; sourceTree = "<group>"; };
		E10BEEF6264200C000317E38 /* Poppins-Black.ttf */ = {isa = PBXFileReference; lastKnownFileType = file; path = "Poppins-Black.ttf"; sourceTree = "<group>"; };
		E10BEEF7264200C000317E38 /* Poppins-Thin.ttf */ = {isa = PBXFileReference; lastKnownFileType = file; path = "Poppins-Thin.ttf"; sourceTree = "<group>"; };
		E10BEEF8264200C000317E38 /* Poppins-SemiBold.ttf */ = {isa = PBXFileReference; lastKnownFileType = file; path = "Poppins-SemiBold.ttf"; sourceTree = "<group>"; };
		E10BEEF9264200C000317E38 /* Poppins-Italic.ttf */ = {isa = PBXFileReference; lastKnownFileType = file; path = "Poppins-Italic.ttf"; sourceTree = "<group>"; };
		E10BEEFA264200C000317E38 /* Poppins-MediumItalic.ttf */ = {isa = PBXFileReference; lastKnownFileType = file; path = "Poppins-MediumItalic.ttf"; sourceTree = "<group>"; };
		E10BEF0E2642014300317E38 /* CardView.swift */ = {isa = PBXFileReference; lastKnownFileType = sourcecode.swift; path = CardView.swift; sourceTree = "<group>"; };
		E10BEF102642017B00317E38 /* ButtonGridView.swift */ = {isa = PBXFileReference; lastKnownFileType = sourcecode.swift; path = ButtonGridView.swift; sourceTree = "<group>"; };
		E10BEF122642018500317E38 /* ButtonGridButton.swift */ = {isa = PBXFileReference; lastKnownFileType = sourcecode.swift; path = ButtonGridButton.swift; sourceTree = "<group>"; };
		E10BEF14264202C000317E38 /* DataView.swift */ = {isa = PBXFileReference; lastKnownFileType = sourcecode.swift; path = DataView.swift; sourceTree = "<group>"; };
		E10BEF19264205B800317E38 /* ChartView.swift */ = {isa = PBXFileReference; lastKnownFileType = sourcecode.swift; path = ChartView.swift; sourceTree = "<group>"; };
		E10BEF1B264207BF00317E38 /* reg_model.mlmodel */ = {isa = PBXFileReference; lastKnownFileType = file.mlmodel; path = reg_model.mlmodel; sourceTree = "<group>"; };
		E10BEF1F264208B800317E38 /* ParkinsonsApp.entitlements */ = {isa = PBXFileReference; lastKnownFileType = text.plist.entitlements; path = ParkinsonsApp.entitlements; sourceTree = "<group>"; };
		E10BEF21264208B800317E38 /* HealthKit.framework */ = {isa = PBXFileReference; lastKnownFileType = wrapper.framework; name = HealthKit.framework; path = System/Library/Frameworks/HealthKit.framework; sourceTree = SDKROOT; };
		E10BEF2526420B6200317E38 /* BarChartView.swift */ = {isa = PBXFileReference; fileEncoding = 4; lastKnownFileType = sourcecode.swift; path = BarChartView.swift; sourceTree = "<group>"; };
		E10BEF2626420B6200317E38 /* BarChartRow.swift */ = {isa = PBXFileReference; fileEncoding = 4; lastKnownFileType = sourcecode.swift; path = BarChartRow.swift; sourceTree = "<group>"; };
		E10BEF2726420B6200317E38 /* LabelView.swift */ = {isa = PBXFileReference; fileEncoding = 4; lastKnownFileType = sourcecode.swift; path = LabelView.swift; sourceTree = "<group>"; };
		E10BEF2826420B6200317E38 /* BarChartCell.swift */ = {isa = PBXFileReference; fileEncoding = 4; lastKnownFileType = sourcecode.swift; path = BarChartCell.swift; sourceTree = "<group>"; };
		E10BEF2926420B6200317E38 /* Helpers.swift */ = {isa = PBXFileReference; fileEncoding = 4; lastKnownFileType = sourcecode.swift; path = Helpers.swift; sourceTree = "<group>"; };
		E10BEF2B26420B6200317E38 /* PieChartRow.swift */ = {isa = PBXFileReference; fileEncoding = 4; lastKnownFileType = sourcecode.swift; path = PieChartRow.swift; sourceTree = "<group>"; };
		E10BEF2C26420B6200317E38 /* PieChartHelpers.swift */ = {isa = PBXFileReference; fileEncoding = 4; lastKnownFileType = sourcecode.swift; path = PieChartHelpers.swift; sourceTree = "<group>"; };
		E10BEF2D26420B6200317E38 /* PieChartCell.swift */ = {isa = PBXFileReference; fileEncoding = 4; lastKnownFileType = sourcecode.swift; path = PieChartCell.swift; sourceTree = "<group>"; };
		E10BEF2E26420B6200317E38 /* PieChartView.swift */ = {isa = PBXFileReference; fileEncoding = 4; lastKnownFileType = sourcecode.swift; path = PieChartView.swift; sourceTree = "<group>"; };
		E10BEF3026420B6200317E38 /* IndicatorPoint.swift */ = {isa = PBXFileReference; fileEncoding = 4; lastKnownFileType = sourcecode.swift; path = IndicatorPoint.swift; sourceTree = "<group>"; };
		E10BEF3126420B6200317E38 /* LineView.swift */ = {isa = PBXFileReference; fileEncoding = 4; lastKnownFileType = sourcecode.swift; path = LineView.swift; sourceTree = "<group>"; };
		E10BEF3226420B6200317E38 /* Legend.swift */ = {isa = PBXFileReference; fileEncoding = 4; lastKnownFileType = sourcecode.swift; path = Legend.swift; sourceTree = "<group>"; };
		E10BEF3326420B6200317E38 /* LineChartView.swift */ = {isa = PBXFileReference; fileEncoding = 4; lastKnownFileType = sourcecode.swift; path = LineChartView.swift; sourceTree = "<group>"; };
		E10BEF3426420B6200317E38 /* MagnifierRect.swift */ = {isa = PBXFileReference; fileEncoding = 4; lastKnownFileType = sourcecode.swift; path = MagnifierRect.swift; sourceTree = "<group>"; };
		E10BEF3526420B6200317E38 /* Path+QuadCurve.swift */ = {isa = PBXFileReference; fileEncoding = 4; lastKnownFileType = sourcecode.swift; path = "Path+QuadCurve.swift"; sourceTree = "<group>"; };
		E10BEF3626420B6200317E38 /* MultiLineChartView.swift */ = {isa = PBXFileReference; fileEncoding = 4; lastKnownFileType = sourcecode.swift; path = MultiLineChartView.swift; sourceTree = "<group>"; };
		E10BEF3726420B6200317E38 /* Line.swift */ = {isa = PBXFileReference; fileEncoding = 4; lastKnownFileType = sourcecode.swift; path = Line.swift; sourceTree = "<group>"; };
		E10BEF4B2642CE8F00317E38 /* Social.swift */ = {isa = PBXFileReference; lastKnownFileType = sourcecode.swift; path = Social.swift; sourceTree = "<group>"; };
		E10BEF4F2642DF6700317E38 /* ExperimentView.swift */ = {isa = PBXFileReference; lastKnownFileType = sourcecode.swift; path = ExperimentView.swift; sourceTree = "<group>"; };
		E10BEF512642DF7500317E38 /* ExperimentCard.swift */ = {isa = PBXFileReference; lastKnownFileType = sourcecode.swift; path = ExperimentCard.swift; sourceTree = "<group>"; };
		E10BEF532642DF8500317E38 /* ExperimentFeedView.swift */ = {isa = PBXFileReference; lastKnownFileType = sourcecode.swift; path = ExperimentFeedView.swift; sourceTree = "<group>"; };
		E13A18A726436DA700FC66B0 /* ParkinsonsWidgetv2Extension.appex */ = {isa = PBXFileReference; explicitFileType = "wrapper.app-extension"; includeInIndex = 0; path = ParkinsonsWidgetv2Extension.appex; sourceTree = BUILT_PRODUCTS_DIR; };
		E13A18AB26436DA700FC66B0 /* ParkinsonsWidgetv2.swift */ = {isa = PBXFileReference; lastKnownFileType = sourcecode.swift; path = ParkinsonsWidgetv2.swift; sourceTree = "<group>"; };
		E13A18AD26436DA700FC66B0 /* ParkinsonsWidgetv2.intentdefinition */ = {isa = PBXFileReference; lastKnownFileType = file.intentdefinition; path = ParkinsonsWidgetv2.intentdefinition; sourceTree = "<group>"; };
		E13A18AE26436DA800FC66B0 /* Assets.xcassets */ = {isa = PBXFileReference; lastKnownFileType = folder.assetcatalog; path = Assets.xcassets; sourceTree = "<group>"; };
		E13A18B026436DA800FC66B0 /* Info.plist */ = {isa = PBXFileReference; lastKnownFileType = text.plist.xml; path = Info.plist; sourceTree = "<group>"; };
		E13A18B926436DAD00FC66B0 /* ParkinsonsWidgetv2Extension.entitlements */ = {isa = PBXFileReference; lastKnownFileType = text.plist.entitlements; path = ParkinsonsWidgetv2Extension.entitlements; sourceTree = "<group>"; };
		E184963426442D7600A69834 /* SettingsRow.swift */ = {isa = PBXFileReference; lastKnownFileType = sourcecode.swift; path = SettingsRow.swift; sourceTree = "<group>"; };
		E18496362644355C00A69834 /* SettingsDetailsView.swift */ = {isa = PBXFileReference; lastKnownFileType = sourcecode.swift; path = SettingsDetailsView.swift; sourceTree = "<group>"; };
		E18496392644375200A69834 /* GridButtonStyle.swift */ = {isa = PBXFileReference; lastKnownFileType = sourcecode.swift; path = GridButtonStyle.swift; sourceTree = "<group>"; };
		E184963C2644393B00A69834 /* CTAButtonStyle.swift */ = {isa = PBXFileReference; lastKnownFileType = sourcecode.swift; path = CTAButtonStyle.swift; sourceTree = "<group>"; };
		E1AD1EE32642E3810086BC84 /* PostView.swift */ = {isa = PBXFileReference; lastKnownFileType = sourcecode.swift; path = PostView.swift; sourceTree = "<group>"; };
		E1AD1EE52642EE8E0086BC84 /* CreateExperimentView.swift */ = {isa = PBXFileReference; lastKnownFileType = sourcecode.swift; path = CreateExperimentView.swift; sourceTree = "<group>"; };
		E1AD1EEC26430C1D0086BC84 /* GoogleService-Info.plist */ = {isa = PBXFileReference; fileEncoding = 4; lastKnownFileType = text.plist.xml; path = "GoogleService-Info.plist"; sourceTree = "<group>"; };
		E1AD1EF326431E1A0086BC84 /* WidgetKit.framework */ = {isa = PBXFileReference; lastKnownFileType = wrapper.framework; name = WidgetKit.framework; path = System/Library/Frameworks/WidgetKit.framework; sourceTree = SDKROOT; };
		E1AD1EF526431E1A0086BC84 /* SwiftUI.framework */ = {isa = PBXFileReference; lastKnownFileType = wrapper.framework; name = SwiftUI.framework; path = System/Library/Frameworks/SwiftUI.framework; sourceTree = SDKROOT; };
		E1AD1F0726434A620086BC84 /* AddPostView.swift */ = {isa = PBXFileReference; lastKnownFileType = sourcecode.swift; path = AddPostView.swift; sourceTree = "<group>"; };
		E1AD1F0B264367650086BC84 /* ClassSelectionView.swift */ = {isa = PBXFileReference; fileEncoding = 4; lastKnownFileType = sourcecode.swift; path = ClassSelectionView.swift; sourceTree = "<group>"; };
		E1AD1F0C264367650086BC84 /* FontSelectionView.swift */ = {isa = PBXFileReference; fileEncoding = 4; lastKnownFileType = sourcecode.swift; path = FontSelectionView.swift; sourceTree = "<group>"; };
		E1AD1F0D264367650086BC84 /* WidgetPreview.swift */ = {isa = PBXFileReference; fileEncoding = 4; lastKnownFileType = sourcecode.swift; path = WidgetPreview.swift; sourceTree = "<group>"; };
		E1AD1F0E264367650086BC84 /* ConfigureWidgetView.swift */ = {isa = PBXFileReference; fileEncoding = 4; lastKnownFileType = sourcecode.swift; path = ConfigureWidgetView.swift; sourceTree = "<group>"; };
/* End PBXFileReference section */

/* Begin PBXFrameworksBuildPhase section */
		E10BEEC22641FE0B00317E38 /* Frameworks */ = {
			isa = PBXFrameworksBuildPhase;
			buildActionMask = 2147483647;
			files = (
				E1AD1EEB26430BAD0086BC84 /* FirebaseFirestoreSwift-Beta in Frameworks */,
				E10BEF22264208B800317E38 /* HealthKit.framework in Frameworks */,
				E13A18CF2643868D00FC66B0 /* NiceNotifications in Frameworks */,
				E1AD1EE926430BAD0086BC84 /* FirebaseFirestore in Frameworks */,
			);
			runOnlyForDeploymentPostprocessing = 0;
		};
		E13A18A426436DA700FC66B0 /* Frameworks */ = {
			isa = PBXFrameworksBuildPhase;
			buildActionMask = 2147483647;
			files = (
				E13A18A926436DA700FC66B0 /* SwiftUI.framework in Frameworks */,
				E13A18A826436DA700FC66B0 /* WidgetKit.framework in Frameworks */,
			);
			runOnlyForDeploymentPostprocessing = 0;
		};
/* End PBXFrameworksBuildPhase section */

/* Begin PBXGroup section */
		D6AC7526264466FA008DD701 /* Onboarding */ = {
			isa = PBXGroup;
			children = (
				D6AC752726446717008DD701 /* OnboardingView.swift */,
			);
			path = Onboarding;
			sourceTree = "<group>";
		};
		E10BEEBC2641FE0B00317E38 = {
			isa = PBXGroup;
			children = (
				E13A18B926436DAD00FC66B0 /* ParkinsonsWidgetv2Extension.entitlements */,
				E10BEEC72641FE0B00317E38 /* ParkinsonsApp */,
				E13A18AA26436DA700FC66B0 /* ParkinsonsWidgetv2 */,
				E10BEEC62641FE0B00317E38 /* Products */,
				E10BEF20264208B800317E38 /* Frameworks */,
			);
			sourceTree = "<group>";
		};
		E10BEEC62641FE0B00317E38 /* Products */ = {
			isa = PBXGroup;
			children = (
				E10BEEC52641FE0B00317E38 /* ParkinsonsApp.app */,
				E13A18A726436DA700FC66B0 /* ParkinsonsWidgetv2Extension.appex */,
			);
			name = Products;
			sourceTree = "<group>";
		};
		E10BEEC72641FE0B00317E38 /* ParkinsonsApp */ = {
			isa = PBXGroup;
			children = (
				E10BEF1F264208B800317E38 /* ParkinsonsApp.entitlements */,
				E10BEEC82641FE0B00317E38 /* AppDelegate.swift */,
				E10BEECA2641FE0B00317E38 /* SceneDelegate.swift */,
				E10BEEE42641FF1F00317E38 /* Views */,
				E10BEF1E264207CA00317E38 /* Data+Ext */,
				E10BEF1D264207C300317E38 /* ML */,
				E10BEECE2641FE0C00317E38 /* Assets.xcassets */,
				E10BEEE7264200C000317E38 /* Poppins */,
				E10BEED32641FE0C00317E38 /* LaunchScreen.storyboard */,
				E10BEED62641FE0C00317E38 /* Info.plist */,
				E1AD1EEC26430C1D0086BC84 /* GoogleService-Info.plist */,
				E10BEED02641FE0C00317E38 /* Preview Content */,
			);
			path = ParkinsonsApp;
			sourceTree = "<group>";
		};
		E10BEED02641FE0C00317E38 /* Preview Content */ = {
			isa = PBXGroup;
			children = (
				E10BEED12641FE0C00317E38 /* Preview Assets.xcassets */,
			);
			path = "Preview Content";
			sourceTree = "<group>";
		};
		E10BEEE42641FF1F00317E38 /* Views */ = {
			isa = PBXGroup;
			children = (
				D6AC7526264466FA008DD701 /* Onboarding */,
				E10BEECC2641FE0B00317E38 /* ContentView.swift */,
				E184963B2644375500A69834 /* ButtonStyles */,
				E10BEF4D2642DF2600317E38 /* Home */,
				E10BEF4E2642DF2B00317E38 /* Experiment */,
				E1AD1F0A264367650086BC84 /* WidgetEdit */,
				E10BEF2326420B6200317E38 /* SwiftUICharts */,
			);
			path = Views;
			sourceTree = "<group>";
		};
		E10BEEE7264200C000317E38 /* Poppins */ = {
			isa = PBXGroup;
			children = (
				E10BEEE8264200C000317E38 /* Poppins-ExtraLight.ttf */,
				E10BEEE9264200C000317E38 /* Poppins-ThinItalic.ttf */,
				E10BEEEA264200C000317E38 /* Poppins-ExtraLightItalic.ttf */,
				E10BEEEB264200C000317E38 /* Poppins-BoldItalic.ttf */,
				E10BEEEC264200C000317E38 /* Poppins-Light.ttf */,
				E10BEEED264200C000317E38 /* Poppins-Medium.ttf */,
				E10BEEEE264200C000317E38 /* Poppins-SemiBoldItalic.ttf */,
				E10BEEEF264200C000317E38 /* Poppins-ExtraBoldItalic.ttf */,
				E10BEEF0264200C000317E38 /* Poppins-ExtraBold.ttf */,
				E10BEEF1264200C000317E38 /* Poppins-BlackItalic.ttf */,
				E10BEEF2264200C000317E38 /* OFL.txt */,
				E10BEEF3264200C000317E38 /* Poppins-Regular.ttf */,
				E10BEEF4264200C000317E38 /* Poppins-LightItalic.ttf */,
				E10BEEF5264200C000317E38 /* Poppins-Bold.ttf */,
				E10BEEF6264200C000317E38 /* Poppins-Black.ttf */,
				E10BEEF7264200C000317E38 /* Poppins-Thin.ttf */,
				E10BEEF8264200C000317E38 /* Poppins-SemiBold.ttf */,
				E10BEEF9264200C000317E38 /* Poppins-Italic.ttf */,
				E10BEEFA264200C000317E38 /* Poppins-MediumItalic.ttf */,
			);
			path = Poppins;
			sourceTree = "<group>";
		};
		E10BEF1D264207C300317E38 /* ML */ = {
			isa = PBXGroup;
			children = (
				E10BEF1B264207BF00317E38 /* reg_model.mlmodel */,
			);
			path = ML;
			sourceTree = "<group>";
		};
		E10BEF1E264207CA00317E38 /* Data+Ext */ = {
			isa = PBXGroup;
			children = (
				E10BEEDC2641FE9600317E38 /* Data.swift */,
				E10BEF4B2642CE8F00317E38 /* Social.swift */,
				E10BEEDE2641FEB900317E38 /* Extensions.swift */,
			);
			path = "Data+Ext";
			sourceTree = "<group>";
		};
		E10BEF20264208B800317E38 /* Frameworks */ = {
			isa = PBXGroup;
			children = (
				E10BEF21264208B800317E38 /* HealthKit.framework */,
				E1AD1EF326431E1A0086BC84 /* WidgetKit.framework */,
				E1AD1EF526431E1A0086BC84 /* SwiftUI.framework */,
			);
			name = Frameworks;
			sourceTree = "<group>";
		};
		E10BEF2326420B6200317E38 /* SwiftUICharts */ = {
			isa = PBXGroup;
			children = (
				E10BEF19264205B800317E38 /* ChartView.swift */,
				E10BEF2426420B6200317E38 /* BarChart */,
				E10BEF2926420B6200317E38 /* Helpers.swift */,
				E10BEF2A26420B6200317E38 /* PieChart */,
				E10BEF2F26420B6200317E38 /* LineChart */,
			);
			path = SwiftUICharts;
			sourceTree = "<group>";
		};
		E10BEF2426420B6200317E38 /* BarChart */ = {
			isa = PBXGroup;
			children = (
				E10BEF2526420B6200317E38 /* BarChartView.swift */,
				E10BEF2626420B6200317E38 /* BarChartRow.swift */,
				E10BEF2726420B6200317E38 /* LabelView.swift */,
				E10BEF2826420B6200317E38 /* BarChartCell.swift */,
			);
			path = BarChart;
			sourceTree = "<group>";
		};
		E10BEF2A26420B6200317E38 /* PieChart */ = {
			isa = PBXGroup;
			children = (
				E10BEF2B26420B6200317E38 /* PieChartRow.swift */,
				E10BEF2C26420B6200317E38 /* PieChartHelpers.swift */,
				E10BEF2D26420B6200317E38 /* PieChartCell.swift */,
				E10BEF2E26420B6200317E38 /* PieChartView.swift */,
			);
			path = PieChart;
			sourceTree = "<group>";
		};
		E10BEF2F26420B6200317E38 /* LineChart */ = {
			isa = PBXGroup;
			children = (
				E10BEF3026420B6200317E38 /* IndicatorPoint.swift */,
				E10BEF3126420B6200317E38 /* LineView.swift */,
				E10BEF3226420B6200317E38 /* Legend.swift */,
				E10BEF3326420B6200317E38 /* LineChartView.swift */,
				E10BEF3426420B6200317E38 /* MagnifierRect.swift */,
				E10BEF3526420B6200317E38 /* Path+QuadCurve.swift */,
				E10BEF3626420B6200317E38 /* MultiLineChartView.swift */,
				E10BEF3726420B6200317E38 /* Line.swift */,
			);
			path = LineChart;
			sourceTree = "<group>";
		};
		E10BEF4D2642DF2600317E38 /* Home */ = {
			isa = PBXGroup;
			children = (
				E10BEEE02641FEC200317E38 /* HomeView.swift */,
				E10BEF102642017B00317E38 /* ButtonGridView.swift */,
				E10BEF122642018500317E38 /* ButtonGridButton.swift */,
				E10BEF14264202C000317E38 /* DataView.swift */,
				E10BEF0E2642014300317E38 /* CardView.swift */,
				E18496382644356000A69834 /* Settings */,
				E10BEEE22641FF1B00317E38 /* ShareView.swift */,
			);
			path = Home;
			sourceTree = "<group>";
		};
		E10BEF4E2642DF2B00317E38 /* Experiment */ = {
			isa = PBXGroup;
			children = (
				E10BEF4F2642DF6700317E38 /* ExperimentView.swift */,
				E1AD1F0726434A620086BC84 /* AddPostView.swift */,
				E1AD1EE52642EE8E0086BC84 /* CreateExperimentView.swift */,
				E1AD1EE32642E3810086BC84 /* PostView.swift */,
				E10BEF532642DF8500317E38 /* ExperimentFeedView.swift */,
				E10BEF512642DF7500317E38 /* ExperimentCard.swift */,
			);
			path = Experiment;
			sourceTree = "<group>";
		};
		E13A18AA26436DA700FC66B0 /* ParkinsonsWidgetv2 */ = {
			isa = PBXGroup;
			children = (
				E13A18AB26436DA700FC66B0 /* ParkinsonsWidgetv2.swift */,
				E13A18AD26436DA700FC66B0 /* ParkinsonsWidgetv2.intentdefinition */,
				E13A18AE26436DA800FC66B0 /* Assets.xcassets */,
				E13A18B026436DA800FC66B0 /* Info.plist */,
			);
			path = ParkinsonsWidgetv2;
			sourceTree = "<group>";
		};
		E18496382644356000A69834 /* Settings */ = {
			isa = PBXGroup;
			children = (
				E10BEEE52641FF3800317E38 /* SettingsView.swift */,
				E184963426442D7600A69834 /* SettingsRow.swift */,
				E18496362644355C00A69834 /* SettingsDetailsView.swift */,
			);
			path = Settings;
			sourceTree = "<group>";
		};
		E184963B2644375500A69834 /* ButtonStyles */ = {
			isa = PBXGroup;
			children = (
				E18496392644375200A69834 /* GridButtonStyle.swift */,
				E184963C2644393B00A69834 /* CTAButtonStyle.swift */,
			);
			path = ButtonStyles;
			sourceTree = "<group>";
		};
		E1AD1F0A264367650086BC84 /* WidgetEdit */ = {
			isa = PBXGroup;
			children = (
				E1AD1F0B264367650086BC84 /* ClassSelectionView.swift */,
				E1AD1F0C264367650086BC84 /* FontSelectionView.swift */,
				E1AD1F0D264367650086BC84 /* WidgetPreview.swift */,
				E1AD1F0E264367650086BC84 /* ConfigureWidgetView.swift */,
			);
			path = WidgetEdit;
			sourceTree = "<group>";
		};
/* End PBXGroup section */

/* Begin PBXNativeTarget section */
		E10BEEC42641FE0B00317E38 /* ParkinsonsApp */ = {
			isa = PBXNativeTarget;
			buildConfigurationList = E10BEED92641FE0C00317E38 /* Build configuration list for PBXNativeTarget "ParkinsonsApp" */;
			buildPhases = (
				E10BEEC12641FE0B00317E38 /* Sources */,
				E10BEEC22641FE0B00317E38 /* Frameworks */,
				E10BEEC32641FE0B00317E38 /* Resources */,
				E1AD1F0626431E1C0086BC84 /* Embed App Extensions */,
			);
			buildRules = (
			);
			dependencies = (
				E13A18B426436DA800FC66B0 /* PBXTargetDependency */,
			);
			name = ParkinsonsApp;
			packageProductDependencies = (
				E1AD1EE826430BAD0086BC84 /* FirebaseFirestore */,
				E1AD1EEA26430BAD0086BC84 /* FirebaseFirestoreSwift-Beta */,
				E13A18CE2643868D00FC66B0 /* NiceNotifications */,
			);
			productName = ParkinsonsApp;
			productReference = E10BEEC52641FE0B00317E38 /* ParkinsonsApp.app */;
			productType = "com.apple.product-type.application";
		};
		E13A18A626436DA700FC66B0 /* ParkinsonsWidgetv2Extension */ = {
			isa = PBXNativeTarget;
			buildConfigurationList = E13A18B626436DA800FC66B0 /* Build configuration list for PBXNativeTarget "ParkinsonsWidgetv2Extension" */;
			buildPhases = (
				E13A18A326436DA700FC66B0 /* Sources */,
				E13A18A426436DA700FC66B0 /* Frameworks */,
				E13A18A526436DA700FC66B0 /* Resources */,
			);
			buildRules = (
			);
			dependencies = (
			);
			name = ParkinsonsWidgetv2Extension;
			productName = ParkinsonsWidgetv2Extension;
			productReference = E13A18A726436DA700FC66B0 /* ParkinsonsWidgetv2Extension.appex */;
			productType = "com.apple.product-type.app-extension";
		};
/* End PBXNativeTarget section */

/* Begin PBXProject section */
		E10BEEBD2641FE0B00317E38 /* Project object */ = {
			isa = PBXProject;
			attributes = {
				LastSwiftUpdateCheck = 1250;
				LastUpgradeCheck = 1250;
				TargetAttributes = {
					E10BEEC42641FE0B00317E38 = {
						CreatedOnToolsVersion = 12.5;
					};
					E13A18A626436DA700FC66B0 = {
						CreatedOnToolsVersion = 12.5;
					};
				};
			};
			buildConfigurationList = E10BEEC02641FE0B00317E38 /* Build configuration list for PBXProject "ParkinsonsApp" */;
			compatibilityVersion = "Xcode 9.3";
			developmentRegion = en;
			hasScannedForEncodings = 0;
			knownRegions = (
				en,
				Base,
			);
			mainGroup = E10BEEBC2641FE0B00317E38;
			packageReferences = (
				E1AD1EE726430BAD0086BC84 /* XCRemoteSwiftPackageReference "firebase-ios-sdk" */,
				E13A18CD2643868D00FC66B0 /* XCRemoteSwiftPackageReference "NiceNotifications" */,
			);
			productRefGroup = E10BEEC62641FE0B00317E38 /* Products */;
			projectDirPath = "";
			projectRoot = "";
			targets = (
				E10BEEC42641FE0B00317E38 /* ParkinsonsApp */,
				E13A18A626436DA700FC66B0 /* ParkinsonsWidgetv2Extension */,
			);
		};
/* End PBXProject section */

/* Begin PBXResourcesBuildPhase section */
		E10BEEC32641FE0B00317E38 /* Resources */ = {
			isa = PBXResourcesBuildPhase;
			buildActionMask = 2147483647;
			files = (
				E10BEF0A264200C000317E38 /* Poppins-Thin.ttf in Resources */,
				E10BEF0D264200C000317E38 /* Poppins-MediumItalic.ttf in Resources */,
				E10BEF05264200C000317E38 /* OFL.txt in Resources */,
				E10BEEFD264200C000317E38 /* Poppins-ExtraLightItalic.ttf in Resources */,
				E10BEF04264200C000317E38 /* Poppins-BlackItalic.ttf in Resources */,
				E10BEEFB264200C000317E38 /* Poppins-ExtraLight.ttf in Resources */,
				E10BEF0B264200C000317E38 /* Poppins-SemiBold.ttf in Resources */,
				E10BEEFE264200C000317E38 /* Poppins-BoldItalic.ttf in Resources */,
				E10BEEFF264200C000317E38 /* Poppins-Light.ttf in Resources */,
				E10BEF09264200C000317E38 /* Poppins-Black.ttf in Resources */,
				E10BEF0C264200C000317E38 /* Poppins-Italic.ttf in Resources */,
				E10BEF03264200C000317E38 /* Poppins-ExtraBold.ttf in Resources */,
				E10BEF07264200C000317E38 /* Poppins-LightItalic.ttf in Resources */,
				E10BEED52641FE0C00317E38 /* LaunchScreen.storyboard in Resources */,
				E10BEF01264200C000317E38 /* Poppins-SemiBoldItalic.ttf in Resources */,
				E10BEF06264200C000317E38 /* Poppins-Regular.ttf in Resources */,
				E10BEF02264200C000317E38 /* Poppins-ExtraBoldItalic.ttf in Resources */,
				E10BEF08264200C000317E38 /* Poppins-Bold.ttf in Resources */,
				E10BEEFC264200C000317E38 /* Poppins-ThinItalic.ttf in Resources */,
				E10BEF00264200C000317E38 /* Poppins-Medium.ttf in Resources */,
				E10BEED22641FE0C00317E38 /* Preview Assets.xcassets in Resources */,
				E10BEECF2641FE0C00317E38 /* Assets.xcassets in Resources */,
				E1AD1EED26430C1D0086BC84 /* GoogleService-Info.plist in Resources */,
			);
			runOnlyForDeploymentPostprocessing = 0;
		};
		E13A18A526436DA700FC66B0 /* Resources */ = {
			isa = PBXResourcesBuildPhase;
			buildActionMask = 2147483647;
			files = (
				E13A18C826436E1900FC66B0 /* Poppins-ExtraLightItalic.ttf in Resources */,
				E13A18C926436E1900FC66B0 /* Poppins-Light.ttf in Resources */,
				E13A18BD26436E1900FC66B0 /* OFL.txt in Resources */,
				E13A18C626436E1900FC66B0 /* Poppins-Thin.ttf in Resources */,
				E13A18CB26436E1900FC66B0 /* Poppins-Italic.ttf in Resources */,
				E13A18CC26436E1900FC66B0 /* Poppins-SemiBoldItalic.ttf in Resources */,
				E13A18BA26436E1900FC66B0 /* Poppins-Black.ttf in Resources */,
				E13A18C526436E1900FC66B0 /* Poppins-MediumItalic.ttf in Resources */,
				E13A18BF26436E1900FC66B0 /* Poppins-BoldItalic.ttf in Resources */,
				E13A18BC26436E1900FC66B0 /* Poppins-Medium.ttf in Resources */,
				E13A18C026436E1900FC66B0 /* Poppins-ExtraBold.ttf in Resources */,
				E13A18C226436E1900FC66B0 /* Poppins-SemiBold.ttf in Resources */,
				E13A18BE26436E1900FC66B0 /* Poppins-Regular.ttf in Resources */,
				E13A18C426436E1900FC66B0 /* Poppins-Bold.ttf in Resources */,
				E13A18CA26436E1900FC66B0 /* Poppins-ExtraBoldItalic.ttf in Resources */,
				E13A18C326436E1900FC66B0 /* Poppins-ExtraLight.ttf in Resources */,
				E13A18BB26436E1900FC66B0 /* Poppins-LightItalic.ttf in Resources */,
				E13A18C726436E1900FC66B0 /* Poppins-ThinItalic.ttf in Resources */,
				E13A18C126436E1900FC66B0 /* Poppins-BlackItalic.ttf in Resources */,
				E13A18AF26436DA800FC66B0 /* Assets.xcassets in Resources */,
			);
			runOnlyForDeploymentPostprocessing = 0;
		};
/* End PBXResourcesBuildPhase section */

/* Begin PBXSourcesBuildPhase section */
		E10BEEC12641FE0B00317E38 /* Sources */ = {
			isa = PBXSourcesBuildPhase;
			buildActionMask = 2147483647;
			files = (
				E10BEEDF2641FEB900317E38 /* Extensions.swift in Sources */,
				E10BEF3C26420B6200317E38 /* Helpers.swift in Sources */,
				E10BEF542642DF8500317E38 /* ExperimentFeedView.swift in Sources */,
				E10BEF4526420B6200317E38 /* MagnifierRect.swift in Sources */,
				E10BEF1A264205B800317E38 /* ChartView.swift in Sources */,
				E10BEF3826420B6200317E38 /* BarChartView.swift in Sources */,
				E10BEF0F2642014300317E38 /* CardView.swift in Sources */,
				E10BEF4026420B6200317E38 /* PieChartView.swift in Sources */,
				E10BEF3B26420B6200317E38 /* BarChartCell.swift in Sources */,
				E1AD1EE42642E3810086BC84 /* PostView.swift in Sources */,
				E10BEF112642017B00317E38 /* ButtonGridView.swift in Sources */,
				E10BEF132642018500317E38 /* ButtonGridButton.swift in Sources */,
				E10BEEE62641FF3800317E38 /* SettingsView.swift in Sources */,
				E1AD1F0826434A620086BC84 /* AddPostView.swift in Sources */,
				E18496372644355C00A69834 /* SettingsDetailsView.swift in Sources */,
				E10BEEC92641FE0B00317E38 /* AppDelegate.swift in Sources */,
				E10BEF15264202C000317E38 /* DataView.swift in Sources */,
				E1AD1F12264367650086BC84 /* ConfigureWidgetView.swift in Sources */,
				E10BEF3A26420B6200317E38 /* LabelView.swift in Sources */,
				E13A18B226436DA800FC66B0 /* ParkinsonsWidgetv2.intentdefinition in Sources */,
				E10BEF4226420B6200317E38 /* LineView.swift in Sources */,
				E184963D2644393B00A69834 /* CTAButtonStyle.swift in Sources */,
				E10BEF4426420B6200317E38 /* LineChartView.swift in Sources */,
				E10BEF4C2642CE8F00317E38 /* Social.swift in Sources */,
				E10BEF3E26420B6200317E38 /* PieChartHelpers.swift in Sources */,
				E10BEF4126420B6200317E38 /* IndicatorPoint.swift in Sources */,
				E10BEF4326420B6200317E38 /* Legend.swift in Sources */,
				E10BEECB2641FE0B00317E38 /* SceneDelegate.swift in Sources */,
				E184963A2644375200A69834 /* GridButtonStyle.swift in Sources */,
				E1AD1F0F264367650086BC84 /* ClassSelectionView.swift in Sources */,
				E10BEF4626420B6200317E38 /* Path+QuadCurve.swift in Sources */,
				E10BEF522642DF7500317E38 /* ExperimentCard.swift in Sources */,
				E1AD1F10264367650086BC84 /* FontSelectionView.swift in Sources */,
				E10BEF4826420B6200317E38 /* Line.swift in Sources */,
				E10BEF1C264207BF00317E38 /* reg_model.mlmodel in Sources */,
				E10BEF3F26420B6200317E38 /* PieChartCell.swift in Sources */,
				E10BEF3926420B6200317E38 /* BarChartRow.swift in Sources */,
				E1AD1EE62642EE8E0086BC84 /* CreateExperimentView.swift in Sources */,
				E10BEEE32641FF1B00317E38 /* ShareView.swift in Sources */,
				E10BEF4726420B6200317E38 /* MultiLineChartView.swift in Sources */,
				E10BEF3D26420B6200317E38 /* PieChartRow.swift in Sources */,
				E10BEEE12641FEC200317E38 /* HomeView.swift in Sources */,
				E10BEF502642DF6700317E38 /* ExperimentView.swift in Sources */,
				E10BEECD2641FE0B00317E38 /* ContentView.swift in Sources */,
				E184963526442D7600A69834 /* SettingsRow.swift in Sources */,
				D6AC752826446717008DD701 /* OnboardingView.swift in Sources */,
				E1AD1F11264367650086BC84 /* WidgetPreview.swift in Sources */,
				E10BEEDD2641FE9600317E38 /* Data.swift in Sources */,
			);
			runOnlyForDeploymentPostprocessing = 0;
		};
		E13A18A326436DA700FC66B0 /* Sources */ = {
			isa = PBXSourcesBuildPhase;
			buildActionMask = 2147483647;
			files = (
				E13A18B126436DA800FC66B0 /* ParkinsonsWidgetv2.intentdefinition in Sources */,
				E13A18AC26436DA700FC66B0 /* ParkinsonsWidgetv2.swift in Sources */,
			);
			runOnlyForDeploymentPostprocessing = 0;
		};
/* End PBXSourcesBuildPhase section */

/* Begin PBXTargetDependency section */
		E13A18B426436DA800FC66B0 /* PBXTargetDependency */ = {
			isa = PBXTargetDependency;
			target = E13A18A626436DA700FC66B0 /* ParkinsonsWidgetv2Extension */;
			targetProxy = E13A18B326436DA800FC66B0 /* PBXContainerItemProxy */;
		};
/* End PBXTargetDependency section */

/* Begin PBXVariantGroup section */
		E10BEED32641FE0C00317E38 /* LaunchScreen.storyboard */ = {
			isa = PBXVariantGroup;
			children = (
				E10BEED42641FE0C00317E38 /* Base */,
			);
			name = LaunchScreen.storyboard;
			sourceTree = "<group>";
		};
/* End PBXVariantGroup section */

/* Begin XCBuildConfiguration section */
		E10BEED72641FE0C00317E38 /* Debug */ = {
			isa = XCBuildConfiguration;
			buildSettings = {
				ALWAYS_SEARCH_USER_PATHS = NO;
				CLANG_ANALYZER_NONNULL = YES;
				CLANG_ANALYZER_NUMBER_OBJECT_CONVERSION = YES_AGGRESSIVE;
				CLANG_CXX_LANGUAGE_STANDARD = "gnu++14";
				CLANG_CXX_LIBRARY = "libc++";
				CLANG_ENABLE_MODULES = YES;
				CLANG_ENABLE_OBJC_ARC = YES;
				CLANG_ENABLE_OBJC_WEAK = YES;
				CLANG_WARN_BLOCK_CAPTURE_AUTORELEASING = YES;
				CLANG_WARN_BOOL_CONVERSION = YES;
				CLANG_WARN_COMMA = YES;
				CLANG_WARN_CONSTANT_CONVERSION = YES;
				CLANG_WARN_DEPRECATED_OBJC_IMPLEMENTATIONS = YES;
				CLANG_WARN_DIRECT_OBJC_ISA_USAGE = YES_ERROR;
				CLANG_WARN_DOCUMENTATION_COMMENTS = YES;
				CLANG_WARN_EMPTY_BODY = YES;
				CLANG_WARN_ENUM_CONVERSION = YES;
				CLANG_WARN_INFINITE_RECURSION = YES;
				CLANG_WARN_INT_CONVERSION = YES;
				CLANG_WARN_NON_LITERAL_NULL_CONVERSION = YES;
				CLANG_WARN_OBJC_IMPLICIT_RETAIN_SELF = YES;
				CLANG_WARN_OBJC_LITERAL_CONVERSION = YES;
				CLANG_WARN_OBJC_ROOT_CLASS = YES_ERROR;
				CLANG_WARN_QUOTED_INCLUDE_IN_FRAMEWORK_HEADER = YES;
				CLANG_WARN_RANGE_LOOP_ANALYSIS = YES;
				CLANG_WARN_STRICT_PROTOTYPES = YES;
				CLANG_WARN_SUSPICIOUS_MOVE = YES;
				CLANG_WARN_UNGUARDED_AVAILABILITY = YES_AGGRESSIVE;
				CLANG_WARN_UNREACHABLE_CODE = YES;
				CLANG_WARN__DUPLICATE_METHOD_MATCH = YES;
				COPY_PHASE_STRIP = NO;
				DEBUG_INFORMATION_FORMAT = dwarf;
				ENABLE_STRICT_OBJC_MSGSEND = YES;
				ENABLE_TESTABILITY = YES;
				GCC_C_LANGUAGE_STANDARD = gnu11;
				GCC_DYNAMIC_NO_PIC = NO;
				GCC_NO_COMMON_BLOCKS = YES;
				GCC_OPTIMIZATION_LEVEL = 0;
				GCC_PREPROCESSOR_DEFINITIONS = (
					"DEBUG=1",
					"$(inherited)",
				);
				GCC_WARN_64_TO_32_BIT_CONVERSION = YES;
				GCC_WARN_ABOUT_RETURN_TYPE = YES_ERROR;
				GCC_WARN_UNDECLARED_SELECTOR = YES;
				GCC_WARN_UNINITIALIZED_AUTOS = YES_AGGRESSIVE;
				GCC_WARN_UNUSED_FUNCTION = YES;
				GCC_WARN_UNUSED_VARIABLE = YES;
				IPHONEOS_DEPLOYMENT_TARGET = 14.1;
				MTL_ENABLE_DEBUG_INFO = INCLUDE_SOURCE;
				MTL_FAST_MATH = YES;
				ONLY_ACTIVE_ARCH = YES;
				SDKROOT = iphoneos;
				SWIFT_ACTIVE_COMPILATION_CONDITIONS = DEBUG;
				SWIFT_OPTIMIZATION_LEVEL = "-Onone";
			};
			name = Debug;
		};
		E10BEED82641FE0C00317E38 /* Release */ = {
			isa = XCBuildConfiguration;
			buildSettings = {
				ALWAYS_SEARCH_USER_PATHS = NO;
				CLANG_ANALYZER_NONNULL = YES;
				CLANG_ANALYZER_NUMBER_OBJECT_CONVERSION = YES_AGGRESSIVE;
				CLANG_CXX_LANGUAGE_STANDARD = "gnu++14";
				CLANG_CXX_LIBRARY = "libc++";
				CLANG_ENABLE_MODULES = YES;
				CLANG_ENABLE_OBJC_ARC = YES;
				CLANG_ENABLE_OBJC_WEAK = YES;
				CLANG_WARN_BLOCK_CAPTURE_AUTORELEASING = YES;
				CLANG_WARN_BOOL_CONVERSION = YES;
				CLANG_WARN_COMMA = YES;
				CLANG_WARN_CONSTANT_CONVERSION = YES;
				CLANG_WARN_DEPRECATED_OBJC_IMPLEMENTATIONS = YES;
				CLANG_WARN_DIRECT_OBJC_ISA_USAGE = YES_ERROR;
				CLANG_WARN_DOCUMENTATION_COMMENTS = YES;
				CLANG_WARN_EMPTY_BODY = YES;
				CLANG_WARN_ENUM_CONVERSION = YES;
				CLANG_WARN_INFINITE_RECURSION = YES;
				CLANG_WARN_INT_CONVERSION = YES;
				CLANG_WARN_NON_LITERAL_NULL_CONVERSION = YES;
				CLANG_WARN_OBJC_IMPLICIT_RETAIN_SELF = YES;
				CLANG_WARN_OBJC_LITERAL_CONVERSION = YES;
				CLANG_WARN_OBJC_ROOT_CLASS = YES_ERROR;
				CLANG_WARN_QUOTED_INCLUDE_IN_FRAMEWORK_HEADER = YES;
				CLANG_WARN_RANGE_LOOP_ANALYSIS = YES;
				CLANG_WARN_STRICT_PROTOTYPES = YES;
				CLANG_WARN_SUSPICIOUS_MOVE = YES;
				CLANG_WARN_UNGUARDED_AVAILABILITY = YES_AGGRESSIVE;
				CLANG_WARN_UNREACHABLE_CODE = YES;
				CLANG_WARN__DUPLICATE_METHOD_MATCH = YES;
				COPY_PHASE_STRIP = NO;
				DEBUG_INFORMATION_FORMAT = "dwarf-with-dsym";
				ENABLE_NS_ASSERTIONS = NO;
				ENABLE_STRICT_OBJC_MSGSEND = YES;
				GCC_C_LANGUAGE_STANDARD = gnu11;
				GCC_NO_COMMON_BLOCKS = YES;
				GCC_WARN_64_TO_32_BIT_CONVERSION = YES;
				GCC_WARN_ABOUT_RETURN_TYPE = YES_ERROR;
				GCC_WARN_UNDECLARED_SELECTOR = YES;
				GCC_WARN_UNINITIALIZED_AUTOS = YES_AGGRESSIVE;
				GCC_WARN_UNUSED_FUNCTION = YES;
				GCC_WARN_UNUSED_VARIABLE = YES;
				IPHONEOS_DEPLOYMENT_TARGET = 14.1;
				MTL_ENABLE_DEBUG_INFO = NO;
				MTL_FAST_MATH = YES;
				SDKROOT = iphoneos;
				SWIFT_COMPILATION_MODE = wholemodule;
				SWIFT_OPTIMIZATION_LEVEL = "-O";
				VALIDATE_PRODUCT = YES;
			};
			name = Release;
		};
		E10BEEDA2641FE0C00317E38 /* Debug */ = {
			isa = XCBuildConfiguration;
			buildSettings = {
				ALWAYS_EMBED_SWIFT_STANDARD_LIBRARIES = YES;
				ASSETCATALOG_COMPILER_APPICON_NAME = AppIcon;
				ASSETCATALOG_COMPILER_GLOBAL_ACCENT_COLOR_NAME = AccentColor;
				CODE_SIGN_ENTITLEMENTS = ParkinsonsApp/ParkinsonsApp.entitlements;
				CODE_SIGN_STYLE = Automatic;
				DEVELOPMENT_ASSET_PATHS = "\"ParkinsonsApp/Preview Content\"";
				DEVELOPMENT_TEAM = MC27HKM86M;
				ENABLE_PREVIEWS = YES;
				INFOPLIST_FILE = ParkinsonsApp/Info.plist;
				LD_RUNPATH_SEARCH_PATHS = (
					"$(inherited)",
					"@executable_path/Frameworks",
				);
				PRODUCT_BUNDLE_IDENTIFIER = com.Ai.ParkinsonsApp2;
				PRODUCT_NAME = "$(TARGET_NAME)";
				SWIFT_VERSION = 5.0;
				TARGETED_DEVICE_FAMILY = "1,2";
			};
			name = Debug;
		};
		E10BEEDB2641FE0C00317E38 /* Release */ = {
			isa = XCBuildConfiguration;
			buildSettings = {
				ALWAYS_EMBED_SWIFT_STANDARD_LIBRARIES = YES;
				ASSETCATALOG_COMPILER_APPICON_NAME = AppIcon;
				ASSETCATALOG_COMPILER_GLOBAL_ACCENT_COLOR_NAME = AccentColor;
				CODE_SIGN_ENTITLEMENTS = ParkinsonsApp/ParkinsonsApp.entitlements;
				CODE_SIGN_STYLE = Automatic;
				DEVELOPMENT_ASSET_PATHS = "\"ParkinsonsApp/Preview Content\"";
				DEVELOPMENT_TEAM = MC27HKM86M;
				ENABLE_PREVIEWS = YES;
				INFOPLIST_FILE = ParkinsonsApp/Info.plist;
				LD_RUNPATH_SEARCH_PATHS = (
					"$(inherited)",
					"@executable_path/Frameworks",
				);
				PRODUCT_BUNDLE_IDENTIFIER = com.Ai.ParkinsonsApp2;
				PRODUCT_NAME = "$(TARGET_NAME)";
				SWIFT_VERSION = 5.0;
				TARGETED_DEVICE_FAMILY = "1,2";
			};
			name = Release;
		};
		E13A18B726436DA800FC66B0 /* Debug */ = {
			isa = XCBuildConfiguration;
			buildSettings = {
				ASSETCATALOG_COMPILER_GLOBAL_ACCENT_COLOR_NAME = AccentColor;
				ASSETCATALOG_COMPILER_WIDGET_BACKGROUND_COLOR_NAME = WidgetBackground;
				CODE_SIGN_ENTITLEMENTS = ParkinsonsWidgetv2Extension.entitlements;
				CODE_SIGN_STYLE = Automatic;
				DEVELOPMENT_TEAM = MC27HKM86M;
				INFOPLIST_FILE = ParkinsonsWidgetv2/Info.plist;
				IPHONEOS_DEPLOYMENT_TARGET = 14.4;
				LD_RUNPATH_SEARCH_PATHS = (
					"$(inherited)",
					"@executable_path/Frameworks",
					"@executable_path/../../Frameworks",
				);
				PRODUCT_BUNDLE_IDENTIFIER = com.Ai.ParkinsonsApp2.ParkinsonsWidgetv2;
				PRODUCT_NAME = "$(TARGET_NAME)";
				SKIP_INSTALL = YES;
				SWIFT_VERSION = 5.0;
				TARGETED_DEVICE_FAMILY = "1,2";
			};
			name = Debug;
		};
		E13A18B826436DA800FC66B0 /* Release */ = {
			isa = XCBuildConfiguration;
			buildSettings = {
				ASSETCATALOG_COMPILER_GLOBAL_ACCENT_COLOR_NAME = AccentColor;
				ASSETCATALOG_COMPILER_WIDGET_BACKGROUND_COLOR_NAME = WidgetBackground;
				CODE_SIGN_ENTITLEMENTS = ParkinsonsWidgetv2Extension.entitlements;
				CODE_SIGN_STYLE = Automatic;
				DEVELOPMENT_TEAM = MC27HKM86M;
				INFOPLIST_FILE = ParkinsonsWidgetv2/Info.plist;
				IPHONEOS_DEPLOYMENT_TARGET = 14.4;
				LD_RUNPATH_SEARCH_PATHS = (
					"$(inherited)",
					"@executable_path/Frameworks",
					"@executable_path/../../Frameworks",
				);
				PRODUCT_BUNDLE_IDENTIFIER = com.Ai.ParkinsonsApp2.ParkinsonsWidgetv2;
				PRODUCT_NAME = "$(TARGET_NAME)";
				SKIP_INSTALL = YES;
				SWIFT_VERSION = 5.0;
				TARGETED_DEVICE_FAMILY = "1,2";
			};
			name = Release;
		};
/* End XCBuildConfiguration section */

/* Begin XCConfigurationList section */
		E10BEEC02641FE0B00317E38 /* Build configuration list for PBXProject "ParkinsonsApp" */ = {
			isa = XCConfigurationList;
			buildConfigurations = (
				E10BEED72641FE0C00317E38 /* Debug */,
				E10BEED82641FE0C00317E38 /* Release */,
			);
			defaultConfigurationIsVisible = 0;
			defaultConfigurationName = Release;
		};
		E10BEED92641FE0C00317E38 /* Build configuration list for PBXNativeTarget "ParkinsonsApp" */ = {
			isa = XCConfigurationList;
			buildConfigurations = (
				E10BEEDA2641FE0C00317E38 /* Debug */,
				E10BEEDB2641FE0C00317E38 /* Release */,
			);
			defaultConfigurationIsVisible = 0;
			defaultConfigurationName = Release;
		};
		E13A18B626436DA800FC66B0 /* Build configuration list for PBXNativeTarget "ParkinsonsWidgetv2Extension" */ = {
			isa = XCConfigurationList;
			buildConfigurations = (
				E13A18B726436DA800FC66B0 /* Debug */,
				E13A18B826436DA800FC66B0 /* Release */,
			);
			defaultConfigurationIsVisible = 0;
			defaultConfigurationName = Release;
		};
/* End XCConfigurationList section */

/* Begin XCRemoteSwiftPackageReference section */
		E13A18CD2643868D00FC66B0 /* XCRemoteSwiftPackageReference "NiceNotifications" */ = {
			isa = XCRemoteSwiftPackageReference;
			repositoryURL = "https://github.com/nicephoton/NiceNotifications.git";
			requirement = {
				kind = upToNextMajorVersion;
				minimumVersion = "0.0.2-alpha";
			};
		};
		E1AD1EE726430BAD0086BC84 /* XCRemoteSwiftPackageReference "firebase-ios-sdk" */ = {
			isa = XCRemoteSwiftPackageReference;
			repositoryURL = "https://github.com/firebase/firebase-ios-sdk.git";
			requirement = {
				kind = upToNextMajorVersion;
				minimumVersion = 7.11.1;
			};
		};
/* End XCRemoteSwiftPackageReference section */

/* Begin XCSwiftPackageProductDependency section */
		E13A18CE2643868D00FC66B0 /* NiceNotifications */ = {
			isa = XCSwiftPackageProductDependency;
			package = E13A18CD2643868D00FC66B0 /* XCRemoteSwiftPackageReference "NiceNotifications" */;
			productName = NiceNotifications;
		};
		E1AD1EE826430BAD0086BC84 /* FirebaseFirestore */ = {
			isa = XCSwiftPackageProductDependency;
			package = E1AD1EE726430BAD0086BC84 /* XCRemoteSwiftPackageReference "firebase-ios-sdk" */;
			productName = FirebaseFirestore;
		};
		E1AD1EEA26430BAD0086BC84 /* FirebaseFirestoreSwift-Beta */ = {
			isa = XCSwiftPackageProductDependency;
			package = E1AD1EE726430BAD0086BC84 /* XCRemoteSwiftPackageReference "firebase-ios-sdk" */;
			productName = "FirebaseFirestoreSwift-Beta";
		};
/* End XCSwiftPackageProductDependency section */
	};
	rootObject = E10BEEBD2641FE0B00317E38 /* Project object */;
}
